{
  "requires": true,
  "lockfileVersion": 1,
  "dependencies": {
    "@popperjs/core": {
      "version": "2.11.5",
      "resolved": "https://registry.npmjs.org/@popperjs/core/-/core-2.11.5.tgz",
      "integrity": "sha512-9X2obfABZuDVLCgPK9aX0a/x4jaOEweTTWE2+9sr0Qqqevj2Uv5XorvusThmc9XGYpS9yI+fhh8RTafBtGposw=="
    },
    "bootstrap": {
      "version": "5.2.0",
      "resolved": "https://registry.npmjs.org/bootstrap/-/bootstrap-5.2.0.tgz",
      "integrity": "sha512-qlnS9GL6YZE6Wnef46GxGv1UpGGzAwO0aPL1yOjzDIJpeApeMvqV24iL+pjr2kU4dduoBA9fINKWKgMToobx9A=="
    },
    "datatables.net": {
      "version": "1.12.1",
      "resolved": "https://registry.npmjs.org/datatables.net/-/datatables.net-1.12.1.tgz",
      "integrity": "sha512-e6XAMUoV41JdQPS/r9YRfRcmTPcCVvyZbWI+xog1Zg+kjVliMQbEkvWK5XFItmi64Cvwg+IqsZbTUJ1KSY3umA==",
      "requires": {
        "jquery": ">=1.7"
      }
    },
    "datatables.net-bs5": {
      "version": "1.12.1",
      "resolved": "https://registry.npmjs.org/datatables.net-bs5/-/datatables.net-bs5-1.12.1.tgz",
      "integrity": "sha512-CcQCImfmH4YZk7I0aC0kTiNPyfHJ2ueGgOh/kFB9KqsZD8bNJy2A88gC6hn9A7TbmmenOL+K3Q1ti7G8yqi8SQ==",
      "requires": {
        "datatables.net": ">=1.11.3",
        "jquery": ">=1.7"
      }
    },
    "datatables.net-buttons": {
      "version": "2.2.3",
      "resolved": "https://registry.npmjs.org/datatables.net-buttons/-/datatables.net-buttons-2.2.3.tgz",
      "integrity": "sha512-9Xz52grBQxAgs6Meo+j/8koxrhnINt0fTc9tLYYb4UHxgtM2BzTGV4NA8KxXGxVjslem41e0quC5eXpXt9d4tw==",
      "requires": {
        "datatables.net": ">=1.11.3",
        "jquery": ">=1.7"
      }
    },
    "datatables.net-buttons-bs5": {
      "version": "2.2.3",
      "resolved": "https://registry.npmjs.org/datatables.net-buttons-bs5/-/datatables.net-buttons-bs5-2.2.3.tgz",
      "integrity": "sha512-pQVBLBkG+G85eldTxEyU7SqqIn009pirbylmRAA+Ll9KYwsbyflQOZrTqKVKH6N4ycLjyR6gwtHeLgGnK23tBQ==",
      "requires": {
        "datatables.net-bs5": ">=1.11.3",
        "datatables.net-buttons": ">=2.0.1",
        "jquery": ">=1.7"
      }
    },
    "datatables.net-fixedcolumns": {
      "version": "4.1.0",
      "resolved": "https://registry.npmjs.org/datatables.net-fixedcolumns/-/datatables.net-fixedcolumns-4.1.0.tgz",
      "integrity": "sha512-pxJrfs8PI/DAA1nsteEqUK3uzJ/mPQRMg1ILugOSAY+3RA//RZZhVhiHRptMrUXpkC4lko3brc/PgXEHV+VX9g==",
      "requires": {
        "datatables.net": ">=1.11.3",
        "jquery": ">=1.7"
      }
    },
    "datatables.net-fixedcolumns-bs5": {
      "version": "4.1.0",
      "resolved": "https://registry.npmjs.org/datatables.net-fixedcolumns-bs5/-/datatables.net-fixedcolumns-bs5-4.1.0.tgz",
      "integrity": "sha512-1VggcNc//tc+9EJpWeK3oZssDq7s9vRkygKnKf9rbSCHGK09A5GjqcMyZ4uIqPO83WdZ6uV4/02s3gsssfDzgA==",
      "requires": {
        "datatables.net-bs5": ">=1.11.3",
        "datatables.net-fixedcolumns": ">=4.0.0",
        "jquery": ">=1.7"
      }
    },
    "datatables.net-fixedheader": {
      "version": "3.2.4",
      "resolved": "https://registry.npmjs.org/datatables.net-fixedheader/-/datatables.net-fixedheader-3.2.4.tgz",
      "integrity": "sha512-LuQHrnbXE+69vMu21+g67xPj5PGDBhYcSz5sexUlo5K/yNFJhvzpWeBEjcWI6u9iu0ZlvMmC1yRAVrKqYRAcBQ==",
      "requires": {
        "datatables.net": ">=1.11.3",
        "jquery": ">=1.7"
      }
    },
    "datatables.net-fixedheader-bs5": {
      "version": "3.2.4",
      "resolved": "https://registry.npmjs.org/datatables.net-fixedheader-bs5/-/datatables.net-fixedheader-bs5-3.2.4.tgz",
      "integrity": "sha512-xA3nyfQ78to0Sdz8NLrCn+iA8/yZSyLs8bSoefVTP5JUjEzJ7CFkejblFcO8LW/d1dBQhwW+boaj0zqlRCmguA==",
      "requires": {
        "datatables.net-bs5": ">=1.11.3",
        "datatables.net-fixedheader": ">=3.2.0",
        "jquery": ">=1.7"
      }
    },
    "datatables.net-responsive": {
      "version": "2.3.0",
      "resolved": "https://registry.npmjs.org/datatables.net-responsive/-/datatables.net-responsive-2.3.0.tgz",
      "integrity": "sha512-QA5QsD1sJQRQ7/IFi3rSd33O84f/Augz2KnaehjfuEANtK4KeC9Lbkut5tPuuMcK4jOpQPOOPYTbmfrt+tfh9w==",
      "requires": {
        "datatables.net": ">=1.11.3",
        "jquery": ">=1.7"
      }
    },
    "datatables.net-responsive-bs5": {
      "version": "2.3.0",
      "resolved": "https://registry.npmjs.org/datatables.net-responsive-bs5/-/datatables.net-responsive-bs5-2.3.0.tgz",
      "integrity": "sha512-OVe2y+WGbZNqwu0clpzjPGg85Y+8KW8pVXVZJEKKyHW0GYAU3Ewhk0f3ZdS0B6Al9Q4v3Gt6OzupVwuY5Ck1pA==",
      "requires": {
        "datatables.net-bs5": ">=1.11.3",
        "datatables.net-responsive": ">=2.2.9",
        "jquery": ">=1.7"
      }
    },
    "datatables.net-select": {
      "version": "1.4.0",
      "resolved": "https://registry.npmjs.org/datatables.net-select/-/datatables.net-select-1.4.0.tgz",
      "integrity": "sha512-CWEIpODzKXupZOx5KdPUnX5pDPO0xLrCxezE1MNktolFSz0duMw1w3ae25cEynP+w8wkaXbRfCiyGeBXx1YIvw==",
      "requires": {
        "datatables.net": ">=1.11.3",
        "jquery": ">=1.7"
      }
    },
    "datatables.net-select-bs5": {
      "version": "1.4.0",
      "resolved": "https://registry.npmjs.org/datatables.net-select-bs5/-/datatables.net-select-bs5-1.4.0.tgz",
      "integrity": "sha512-CaQTMO8W3G6I/GdOp8GChASJIA/byS41sYdo6RTld79MNV/3HfdQFH6uaqcYnCcaij2NtSvKbl6frOGoj6bDVg==",
      "requires": {
        "datatables.net-bs5": ">=1.11.3",
        "datatables.net-select": ">=1.3.3",
        "jquery": ">=1.7"
      }
    },
    "dompurify": {
      "version": "2.3.10",
      "resolved": "https://registry.npmjs.org/dompurify/-/dompurify-2.3.10.tgz",
      "integrity": "sha512-o7Fg/AgC7p/XpKjf/+RC3Ok6k4St5F7Q6q6+Nnm3p2zGWioAY6dh0CbbuwOhH2UcSzKsdniE/YnE2/92JcsA+g=="
    },
    "jq.schedule": {
      "version": "3.1.7",
      "resolved": "https://registry.npmjs.org/jq.schedule/-/jq.schedule-3.1.7.tgz",
      "integrity": "sha512-3gC3LDZoqsLMEP8cfla+3CyJL2nS4fjyokSdaopYqTs8+jUHkisvIU/59vybAWbEF3ny7tqlZwc0ZqT0HhYxmQ==",
      "requires": {
        "jquery": "^3.6.0",
        "jquery-ui-dist": "1.12.1"
      }
    },
    "jquery": {
      "version": "3.6.0",
      "resolved": "https://registry.npmjs.org/jquery/-/jquery-3.6.0.tgz",
      "integrity": "sha512-JVzAR/AjBvVt2BmYhxRCSYysDsPcssdmTFnzyLEts9qNwmjmu4JTAMYubEfwVOSwpQ1I1sKKFcxhZCI2buerfw=="
    },
    "jquery-ui-dist": {
      "version": "1.12.1",
      "resolved": "https://registry.npmjs.org/jquery-ui-dist/-/jquery-ui-dist-1.12.1.tgz",
      "integrity": "sha512-UnQQWIvxaP7s13FLx37WufEwDYLSXKpp9JHrqEYTP6GqQNM+RMVEwsJMoc163QlzEaAV5YVfWlgQU5FPjKBtSw=="
    },
    "tui-calendar": {
      "version": "1.15.3",
      "resolved": "https://registry.npmjs.org/tui-calendar/-/tui-calendar-1.15.3.tgz",
      "integrity": "sha512-S+QxtSPunLUNIX/eHoHcBB9XlPVT15Wh6ItR62n5K/Gq3WeSQdyhdbsuZJYV9z75bgJbFzp6x32v2yEPm6iWrg==",
      "requires": {
        "dompurify": "^2.3.1",
        "tui-code-snippet": "^1.5.0",
        "tui-date-picker": "^4.3.0",
        "tui-time-picker": "^2.1.4"
      }
    },
    "tui-code-snippet": {
      "version": "1.5.2",
      "resolved": "https://registry.npmjs.org/tui-code-snippet/-/tui-code-snippet-1.5.2.tgz",
      "integrity": "sha512-6UqTlQaaC1KLcmC0HAoq5dtl1G4Fib+R+NC7pmaV7kiIlZ7JqKhUmnOoGRcreAyzd81UTK/vCvhrw9QJskpCFQ=="
    },
    "tui-date-picker": {
      "version": "4.3.1",
      "resolved": "https://registry.npmjs.org/tui-date-picker/-/tui-date-picker-4.3.1.tgz",
      "integrity": "sha512-LMXdiM6cXau4NVw3/1T4ltaLk2PZAn2RbRtVUPN30Zg905t9Ab+OJ8EgeEgLVW9osvLuO9raW63l7YwiT50v6Q==",
      "requires": {
        "tui-time-picker": "^2.1.3"
      }
    },
    "tui-time-picker": {
      "version": "2.1.4",
      "resolved": "https://registry.npmjs.org/tui-time-picker/-/tui-time-picker-2.1.4.tgz",
      "integrity": "sha512-gqCasZgniE8slP83h3pUnSXyVWBBi7T+9gi0+RxB6ld6l2hgPuVax8o82ysz02pvQ5bEkfPP3sG1caeU+iH0Sw=="
    }
  }
}
